
Microsoft Visual Studio Solution File, Format Version 12.00
# Visual Studio Version 16
VisualStudioVersion = 16.0.30204.135
MinimumVisualStudioVersion = 10.0.40219.1
Project("{FAE04EC0-301F-11D3-BF4B-00C04F79EFBC}") = "ComminityRadioPlayer", "ComminityRadioPlayer\ComminityRadioPlayer.csproj", "{95896C7A-0C66-4645-8CC9-F78429E00A89}"
EndProject
Global
	GlobalSection(SolutionConfigurationPlatforms) = preSolution
		Debug|Any CPU = Debug|Any CPU
		Release|Any CPU = Release|Any CPU
	EndGlobalSection
	GlobalSection(ProjectConfigurationPlatforms) = postSolution
		{95896C7A-0C66-4645-8CC9-F78429E00A89}.Debug|Any CPU.ActiveCfg = Debug|Any CPU
		{95896C7A-0C66-4645-8CC9-F78429E00A89}.Debug|Any CPU.Build.0 = Debug|Any CPU
		{95896C7A-0C66-4645-8CC9-F78429E00A89}.Release|Any CPU.ActiveCfg = Release|Any CPU
		{95896C7A-0C66-4645-8CC9-F78429E00A89}.Release|Any CPU.Build.0 = Release|Any CPU
	EndGlobalSection
	GlobalSection(SolutionProperties) = preSolution
		HideSolutionNode = FALSE
	EndGlobalSection
	GlobalSection(ExtensibilityGlobals) = postSolution
		SolutionGuid = {8F688F8B-52D1-46F8-AC2B-0414BAF53C47}
	EndGlobalSection
EndGlobal
